
Microsoft Visual Studio Solution File, Format Version 12.00
# Visual Studio Version 17
VisualStudioVersion = 17.2.32616.157
MinimumVisualStudioVersion = 10.0.40219.1
Project("{FAE04EC0-301F-11D3-BF4B-00C04F79EFBC}") = "WebApplication2", "WebApplication2\WebApplication2.csproj", "{95C07E4A-8A4A-4BFB-82D5-F25E51654A11}"
EndProject
Global
	GlobalSection(SolutionConfigurationPlatforms) = preSolution
		Debug|Any CPU = Debug|Any CPU
		Release|Any CPU = Release|Any CPU
	EndGlobalSection
	GlobalSection(ProjectConfigurationPlatforms) = postSolution
		{95C07E4A-8A4A-4BFB-82D5-F25E51654A11}.Debug|Any CPU.ActiveCfg = Debug|Any CPU
		{95C07E4A-8A4A-4BFB-82D5-F25E51654A11}.Debug|Any CPU.Build.0 = Debug|Any CPU
		{95C07E4A-8A4A-4BFB-82D5-F25E51654A11}.Release|Any CPU.ActiveCfg = Release|Any CPU
		{95C07E4A-8A4A-4BFB-82D5-F25E51654A11}.Release|Any CPU.Build.0 = Release|Any CPU
	EndGlobalSection
	GlobalSection(SolutionProperties) = preSolution
		HideSolutionNode = FALSE
	EndGlobalSection
	GlobalSection(ExtensibilityGlobals) = postSolution
		SolutionGuid = {FDD06088-C843-4115-8AD0-591E4BC0D2FB}
	EndGlobalSection
EndGlobal
